
Microsoft Visual Studio Solution File, Format Version 12.00
# Visual Studio Version 16
VisualStudioVersion = 16.0.32901.82
MinimumVisualStudioVersion = 10.0.40219.1
Project("{FAE04EC0-301F-11D3-BF4B-00C04F79EFBC}") = "mineral tamagochi WPF", "mineral tamagochi WPF\mineral tamagochi WPF.csproj", "{30FB67FE-0B10-47D1-BD44-A113C7186761}"
EndProject
Global
	GlobalSection(SolutionConfigurationPlatforms) = preSolution
		Debug|Any CPU = Debug|Any CPU
		Release|Any CPU = Release|Any CPU
	EndGlobalSection
	GlobalSection(ProjectConfigurationPlatforms) = postSolution
		{30FB67FE-0B10-47D1-BD44-A113C7186761}.Debug|Any CPU.ActiveCfg = Debug|Any CPU
		{30FB67FE-0B10-47D1-BD44-A113C7186761}.Debug|Any CPU.Build.0 = Debug|Any CPU
		{30FB67FE-0B10-47D1-BD44-A113C7186761}.Release|Any CPU.ActiveCfg = Release|Any CPU
		{30FB67FE-0B10-47D1-BD44-A113C7186761}.Release|Any CPU.Build.0 = Release|Any CPU
	EndGlobalSection
	GlobalSection(SolutionProperties) = preSolution
		HideSolutionNode = FALSE
	EndGlobalSection
	GlobalSection(ExtensibilityGlobals) = postSolution
		SolutionGuid = {5DFCD52A-666A-4CDE-B970-1C7E68BF1DAC}
	EndGlobalSection
EndGlobal
