
Microsoft Visual Studio Solution File, Format Version 12.00
# Visual Studio Version 17
VisualStudioVersion = 17.3.32825.248
MinimumVisualStudioVersion = 10.0.40219.1
Project("{FAE04EC0-301F-11D3-BF4B-00C04F79EFBC}") = "Tamagochi WPF", "Tamagochi WPF\Tamagochi WPF.csproj", "{F19B7E59-C7FA-4374-9067-01AFA74B003D}"
EndProject
Global
	GlobalSection(SolutionConfigurationPlatforms) = preSolution
		Debug|Any CPU = Debug|Any CPU
		Release|Any CPU = Release|Any CPU
	EndGlobalSection
	GlobalSection(ProjectConfigurationPlatforms) = postSolution
		{F19B7E59-C7FA-4374-9067-01AFA74B003D}.Debug|Any CPU.ActiveCfg = Debug|Any CPU
		{F19B7E59-C7FA-4374-9067-01AFA74B003D}.Debug|Any CPU.Build.0 = Debug|Any CPU
		{F19B7E59-C7FA-4374-9067-01AFA74B003D}.Release|Any CPU.ActiveCfg = Release|Any CPU
		{F19B7E59-C7FA-4374-9067-01AFA74B003D}.Release|Any CPU.Build.0 = Release|Any CPU
	EndGlobalSection
	GlobalSection(SolutionProperties) = preSolution
		HideSolutionNode = FALSE
	EndGlobalSection
	GlobalSection(ExtensibilityGlobals) = postSolution
		SolutionGuid = {B00474B8-A44B-4A32-B094-8D41B3B2486D}
	EndGlobalSection
EndGlobal
